# THIS IS AN AUTOGENERATED FILE. DO NOT EDIT THIS FILE DIRECTLY.
# yarn lockfile v1


"@types/ioredis@^4.17.4":
  version "4.17.4"
  resolved "https://registry.yarnpkg.com/@types/ioredis/-/ioredis-4.17.4.tgz#e4c2d8d51ecb1f4752b660f8e19b88b1c5329b2e"
  integrity sha512-kb5+thmQJ7HHyOAnCOeqRJlF2fyvadHghnLLLKZzCNyShStJeIQtNGGDjA30gWqj6UFSDAWBfGEMKrFDrGfvzQ==
  dependencies:
    "@types/node" "*"

"@types/node@*":
  version "14.11.2"
  resolved "https://registry.yarnpkg.com/@types/node/-/node-14.11.2.tgz#2de1ed6670439387da1c9f549a2ade2b0a799256"
  integrity sha512-jiE3QIxJ8JLNcb1Ps6rDbysDhN4xa8DJJvuC9prr6w+1tIh+QAbYyNF3tyiZNLDBIuBCf4KEcV2UvQm/V60xfA==

"@types/uuid@^8.3.0":
  version "8.3.0"
  resolved "https://registry.yarnpkg.com/@types/uuid/-/uuid-8.3.0.tgz#215c231dff736d5ba92410e6d602050cce7e273f"
  integrity sha512-eQ9qFW/fhfGJF8WKHGEHZEyVWfZxrT+6CLIJGBcZPfxUh/+BnEj+UCGYMlr9qZuX/2AltsvwrGqp0LhEW8D0zQ==
